github.com/BurntSushi/toml v1.5.0 h1:W5quZX/G/csjUnuI8SUYlsHs9M38FC7znL0lIO+DvMg=
github.com/BurntSushi/toml v1.5.0/go.mod h1:ukJfTF/6rtPPRCnwkur4qwRxa8vTRFBF0uk2lLoLwho=
github.com/aws/aws-sdk-go-v2 v1.39.4 h1:qTsQKcdQPHnfGYBBs+Btl8QwxJeoWcOcPcixK90mRhg=
github.com/aws/aws-sdk-go-v2 v1.39.4/go.mod h1:yWSxrnioGUZ4WVv9TgMrNUeLV3PFESn/v+6T/Su8gnM=
github.com/aws/aws-sdk-go-v2/config v1.30.3 h1:utupeVnE3bmB221W08P0Moz1lDI3OwYa2fBtUhl7TCc=
github.com/aws/aws-sdk-go-v2/config v1.30.3/go.mod h1:NDGwOEBdpyZwLPlQkpKIO7frf18BW8PaCmAM9iUxQmI=
github.com/aws/aws-sdk-go-v2/credentials v1.18.3 h1:ptfyXmv+ooxzFwyuBth0yqABcjVIkjDL0iTYZBSbum8=
github.com/aws/aws-sdk-go-v2/credentials v1.18.3/go.mod h1:Q43Nci++Wohb0qUh4m54sNln0dbxJw8PvQWkrwOkGOI=
github.com/aws/aws-sdk-go-v2/feature/ec2/imds v1.18.2 h1:nRniHAvjFJGUCl04F3WaAj7qp/rcz5Gi1OVoj5ErBkc=
github.com/aws/aws-sdk-go-v2/feature/ec2/imds v1.18.2/go.mod h1:eJDFKAMHHUvv4a0Zfa7bQb//wFNUXGrbFpYRCHe2kD0=
github.com/aws/aws-sdk-go-v2/internal/configsources v1.4.11 h1:7AANQZkF3ihM8fbdftpjhken0TP9sBzFbV/Ze/Y4HXA=
github.com/aws/aws-sdk-go-v2/internal/configsources v1.4.11/go.mod h1:NTF4QCGkm6fzVwncpkFQqoquQyOolcyXfbpC98urj+c=
github.com/aws/aws-sdk-go-v2/internal/endpoints/v2 v2.7.11 h1:ShdtWUZT37LCAA4Mw2kJAJtzaszfSHFb5n25sdcv4YE=
github.com/aws/aws-sdk-go-v2/internal/endpoints/v2 v2.7.11/go.mod h1:7bUb2sSr2MZ3M/N+VyETLTQtInemHXb/Fl3s8CLzm0Y=
github.com/aws/aws-sdk-go-v2/internal/ini v1.8.3 h1:bIqFDwgGXXN1Kpp99pDOdKMTTb5d2KyU5X/BZxjOkRo=
github.com/aws/aws-sdk-go-v2/internal/ini v1.8.3/go.mod h1:H5O/EsxDWyU+LP/V8i5sm8cxoZgc2fdNR9bxlOFrQTo=
github.com/aws/aws-sdk-go-v2/service/autoscaling v1.56.0 h1:YO7rat493hVtpBExbcDPKdGzk9eYTtaUrwaFJSWAqLo=
github.com/aws/aws-sdk-go-v2/service/autoscaling v1.56.0/go.mod h1:6vrMqNnS2fpOfZ9tZmIGDWYGTio7+SJ18fql3IwoSBg=
github.com/aws/aws-sdk-go-v2/service/ec2 v1.258.1 h1:D8cBaI1TsIF+cbB8qPmiZWsMqGsbs1/e7qYQ0NMDscY=
github.com/aws/aws-sdk-go-v2/service/ec2 v1.258.1/go.mod h1:DT0XByGaNaOff3CtLVmj3jKcMeVDfOj5DkLD39UPJY0=
github.com/aws/aws-sdk-go-v2/service/internal/accept-encoding v1.13.2 h1:xtuxji5CS0JknaXoACOunXOYOQzgfTvGAc9s2QdCJA4=
github.com/aws/aws-sdk-go-v2/service/internal/accept-encoding v1.13.2/go.mod h1:zxwi0DIR0rcRcgdbl7E2MSOvxDyyXGBlScvBkARFaLQ=
github.com/aws/aws-sdk-go-v2/service/internal/presigned-url v1.13.11 h1:GpMf3z2KJa4RnJ0ew3Hac+hRFYLZ9DDjfgXjuW+pB54=
github.com/aws/aws-sdk-go-v2/service/internal/presigned-url v1.13.11/go.mod h1:6MZP3ZI4QQsgUCFTwMZA2V0sEriNQ8k2hmoHF3qjimQ=
github.com/aws/aws-sdk-go-v2/service/sso v1.27.0 h1:j7/jTOjWeJDolPwZ/J4yZ7dUsxsWZEsxNwH5O7F8eEA=
github.com/aws/aws-sdk-go-v2/service/sso v1.27.0/go.mod h1:M0xdEPQtgpNT7kdAX4/vOAPkFj60hSQRb7TvW9B0iug=
github.com/aws/aws-sdk-go-v2/service/ssooidc v1.32.0 h1:ywQF2N4VjqX+Psw+jLjMmUL2g1RDHlvri3NxHA08MGI=
github.com/aws/aws-sdk-go-v2/service/ssooidc v1.32.0/go.mod h1:Z+qv5Q6b7sWiclvbJyPSOT1BRVU9wfSUPaqQzZ1Xg3E=
github.com/aws/aws-sdk-go-v2/service/sts v1.36.0 h1:bRP/a9llXSSgDPk7Rqn5GD/DQCGo6uk95plBFKoXt2M=
github.com/aws/aws-sdk-go-v2/service/sts v1.36.0/go.mod h1:tgBsFzxwl65BWkuJ/x2EUs59bD4SfYKgikvFDJi1S58=
github.com/aws/smithy-go v1.23.1 h1:sLvcH6dfAFwGkHLZ7dGiYF7aK6mg4CgKA/iDKjLDt9M=
github.com/aws/smithy-go v1.23.1/go.mod h1:LEj2LM3rBRQJxPZTB4KuzZkaZYnZPnvgIhb4pu07mx0=
github.com/samber/lo v1.51.0 h1:kysRYLbHy/MB7kQZf5DSN50JHmMsNEdeY24VzJFu7wI=
github.com/samber/lo v1.51.0/go.mod h1:4+MXEGsJzbKGaUEQFKBq2xtfuznW9oz/WrgyzMzRoM0=
github.com/samber/slog-common v0.19.0 h1:fNcZb8B2uOLooeYwFpAlKjkQTUafdjfqKcwcC89G9YI=
github.com/samber/slog-common v0.19.0/go.mod h1:dTz+YOU76aH007YUU0DffsXNsGFQRQllPQh9XyNoA3M=
github.com/samber/slog-multi v1.4.1 h1:OVBxOKcorBcGQVKjwlraA41JKWwHQyB/3KfzL3IJAYg=
github.com/samber/slog-multi v1.4.1/go.mod h1:im2Zi3mH/ivSY5XDj6LFcKToRIWPw1OcjSVSdXt+2d0=
github.com/samber/slog-syslog/v2 v2.5.2 h1:Z2gvh8asdPZ2O4hwCoMFbl7UchpgXwUjuY60s3uzK5U=
github.com/samber/slog-syslog/v2 v2.5.2/go.mod h1:y4GGHr2Loc3bUcy4arWK9ds5b6rkekE5QUGRfUvq6zk=
golang.org/x/text v0.27.0 h1:4fGWRpyh641NLlecmyl4LOe6yDdfaYNrGb2zdfo4JV4=
golang.org/x/text v0.27.0/go.mod h1:1D28KMCvyooCX9hBiosv5Tz/+YLxj0j7XhWjpSUF7CU=
